{
  "name": "transport",
  "version": "1.0.0",
  "lockfileVersion": 1,
  "requires": true,
  "dependencies": {
    "babel-polyfill": {
      "version": "6.26.0",
      "resolved": "https://registry.npmjs.org/babel-polyfill/-/babel-polyfill-6.26.0.tgz",
      "integrity": "sha1-N5k3q8Z9eJWXCtxiHyhM2WbPIVM=",
      "requires": {
        "babel-runtime": "^6.26.0",
        "core-js": "^2.5.0",
        "regenerator-runtime": "^0.10.5"
      }
    },
    "babel-runtime": {
      "version": "6.26.0",
      "resolved": "https://registry.npmjs.org/babel-runtime/-/babel-runtime-6.26.0.tgz",
      "integrity": "sha1-llxwWGaOgrVde/4E/yM3vItWR/4=",
      "requires": {
        "core-js": "^2.4.0",
        "regenerator-runtime": "^0.11.0"
      },
      "dependencies": {
        "regenerator-runtime": {
          "version": "0.11.1",
          "resolved": "https://registry.npmjs.org/regenerator-runtime/-/regenerator-runtime-0.11.1.tgz",
          "integrity": "sha512-MguG95oij0fC3QV3URf4V2SDYGJhJnJGqvIIgdECeODCT98wSWDAJ94SSuVpYQUoTcGUIL6L4yNB7j1DFFHSBg=="
        }
      }
    },
    "bootstrap": {
      "version": "4.5.2",
      "resolved": "https://registry.npmjs.org/bootstrap/-/bootstrap-4.5.2.tgz",
      "integrity": "sha512-vlGn0bcySYl/iV+BGA544JkkZP5LB3jsmkeKLFQakCOwCM3AOk7VkldBz4jrzSe+Z0Ezn99NVXa1o45cQY4R6A=="
    },
    "core-js": {
      "version": "2.6.11",
      "resolved": "https://registry.npmjs.org/core-js/-/core-js-2.6.11.tgz",
      "integrity": "sha512-5wjnpaT/3dV+XB4borEsnAYQchn00XSgTAWKDkEqv+K8KevjbzmofK6hfJ9TZIlpj2N0xQpazy7PiRQiWHqzWg=="
    },
    "datatables": {
      "version": "1.10.18",
      "resolved": "https://registry.npmjs.org/datatables/-/datatables-1.10.18.tgz",
      "integrity": "sha512-ntatMgS9NN6UMpwbmO+QkYJuKlVeMA2Mi0Gu/QxyIh+dW7ZjLSDhPT2tWlzjpIWEkDYgieDzS9Nu7bdQCW0sbQ==",
      "requires": {
        "jquery": ">=1.7"
      }
    },
    "datatables.net": {
      "version": "1.10.22",
      "resolved": "https://registry.npmjs.org/datatables.net/-/datatables.net-1.10.22.tgz",
      "integrity": "sha512-ujn8GvkQIBYzYH54XY7OrI0Zb35TKRd9ABYfbnXgBfwTGIFT6UsmXrfHU5Yk+MSDoF0sDu2TB+31V6c+zUZ0Pw==",
      "requires": {
        "jquery": ">=1.7"
      }
    },
    "datatables.net-bs4": {
      "version": "1.10.22",
      "resolved": "https://registry.npmjs.org/datatables.net-bs4/-/datatables.net-bs4-1.10.22.tgz",
      "integrity": "sha512-si0eOiaKmuURURpXhPRba7b3vCZsVfJK8pfrlM5WtaOaCEBa62DG/S9guMxUBmcAmvEC3FA2CKc/iKya3gb9qg==",
      "requires": {
        "datatables.net": "1.10.22",
        "jquery": ">=1.7"
      }
    },
    "datatables.net-buttons": {
      "version": "1.6.5",
      "resolved": "https://registry.npmjs.org/datatables.net-buttons/-/datatables.net-buttons-1.6.5.tgz",
      "integrity": "sha512-JmV1ncTbpiDXxU/e8ucFIbNLrmlGUrWrURBLI19Rd/rT+WSbH8TmLjoFVyTFuvC4PdzyLY2swEi+O1SC1ehGKQ==",
      "requires": {
        "datatables.net": "^1.10.15",
        "jquery": ">=1.7"
      }
    },
    "datatables.net-buttons-bs4": {
      "version": "1.6.5",
      "resolved": "https://registry.npmjs.org/datatables.net-buttons-bs4/-/datatables.net-buttons-bs4-1.6.5.tgz",
      "integrity": "sha512-GDCRZehr9t1PIAJsBdZA1cFJXeaInNLgNLG2IcN7EQLkb33kem1J+PdtIDv7/fPFqVKOAye2FqpSlcMOHXSiSw==",
      "requires": {
        "datatables.net-bs4": "^1.10.15",
        "datatables.net-buttons": "1.6.5",
        "jquery": ">=1.7"
      }
    },
    "datatables.net-dt": {
      "version": "1.10.22",
      "resolved": "https://registry.npmjs.org/datatables.net-dt/-/datatables.net-dt-1.10.22.tgz",
      "integrity": "sha512-JYqE8noge7YGOydsiyLsWtPUofOHFEMCeOwS47kpykWqDJyU6GE2E3JaEeDq6hokg39UQKDNIRFnsM7GhA/BGw==",
      "requires": {
        "datatables.net": "1.10.22",
        "jquery": ">=1.7"
      }
    },
    "es6-promise": {
      "version": "4.2.8",
      "resolved": "https://registry.npmjs.org/es6-promise/-/es6-promise-4.2.8.tgz",
      "integrity": "sha512-HJDGx5daxeIvxdBxvG2cb9g4tEvwIk3i8+nhX0yGrYmZUzbkdg8QbDevheDB8gd0//uPj4c1EQua8Q+MViT0/w=="
    },
    "fontawesome-4.7": {
      "version": "4.7.0",
      "resolved": "https://registry.npmjs.org/fontawesome-4.7/-/fontawesome-4.7-4.7.0.tgz",
      "integrity": "sha512-K+pJ9tR3Z+youCvMOtqwJyyM69dlAQflrahXTV3KExWTAFHqR+MgeEC/dF3Q7nUNOJRMOX8GIPzzGbnh4GMrkw=="
    },
    "fsm-as-promised": {
      "version": "0.13.2",
      "resolved": "https://registry.npmjs.org/fsm-as-promised/-/fsm-as-promised-0.13.2.tgz",
      "integrity": "sha1-X04RCGgotwoZItx7T4HAgX1ugjg=",
      "requires": {
        "es6-promise": "^4.0.2",
        "lodash": "^4.16.2",
        "stampit": "^3.0.1"
      }
    },
    "instascan": {
      "version": "1.0.0",
      "resolved": "https://registry.npmjs.org/instascan/-/instascan-1.0.0.tgz",
      "integrity": "sha1-3llJ9z9pj43/aN8Ke89pQqeZ7kQ=",
      "requires": {
        "babel-polyfill": "^6.9.1",
        "fsm-as-promised": "^0.13.0",
        "visibilityjs": "^1.2.3",
        "webrtc-adapter": "^1.4.0"
      }
    },
    "jquery": {
      "version": "3.5.1",
      "resolved": "https://registry.npmjs.org/jquery/-/jquery-3.5.1.tgz",
      "integrity": "sha512-XwIBPqcMn57FxfT+Go5pzySnm4KWkT1Tv7gjrpT1srtf8Weynl6R273VJ5GjkRb51IzMp5nbaPjJXMWeju2MKg=="
    },
    "jquery-form-validator": {
      "version": "2.3.79",
      "resolved": "https://registry.npmjs.org/jquery-form-validator/-/jquery-form-validator-2.3.79.tgz",
      "integrity": "sha512-/jG1qy7FEcGFCGlnEst5pOn1SZi3awDxRrlGDHdBEnY8Ga5zXA00OnAKIZV8fUCpUTT003BPbFBDR7hlgOsN8w==",
      "requires": {
        "jquery": "2.2.4"
      },
      "dependencies": {
        "jquery": {
          "version": "2.2.4",
          "resolved": "https://registry.npmjs.org/jquery/-/jquery-2.2.4.tgz",
          "integrity": "sha1-LInWiJterFIqfuoywUUhVZxsvwI="
        }
      }
    },
    "lodash": {
      "version": "4.17.20",
      "resolved": "https://registry.npmjs.org/lodash/-/lodash-4.17.20.tgz",
      "integrity": "sha512-PlhdFcillOINfeV7Ni6oF1TAEayyZBoZ8bcshTHqOYJYlrqzRK5hagpagky5o4HfCzzd1TRkXPMFq6cKk9rGmA=="
    },
    "regenerator-runtime": {
      "version": "0.10.5",
      "resolved": "https://registry.npmjs.org/regenerator-runtime/-/regenerator-runtime-0.10.5.tgz",
      "integrity": "sha1-M2w+/BIgrc7dosn6tntaeVWjNlg="
    },
    "sdp": {
      "version": "1.5.4",
      "resolved": "https://registry.npmjs.org/sdp/-/sdp-1.5.4.tgz",
      "integrity": "sha1-jgOPbdsUvXZa4fS1IW4SCUUR4NA="
    },
    "stampit": {
      "version": "3.2.1",
      "resolved": "https://registry.npmjs.org/stampit/-/stampit-3.2.1.tgz",
      "integrity": "sha1-lTpBpJRYoLKG/7HjydbOcDblids="
    },
    "sweetalert2": {
      "version": "10.3.5",
      "resolved": "https://registry.npmjs.org/sweetalert2/-/sweetalert2-10.3.5.tgz",
      "integrity": "sha512-8XBQvW2frWVn0Xs80qyraRXcb3Mg/aKG+9sdVPlzViDIYJfLhMeda3pRuyGzyvrPXbBQ3KRjs+66xKH3kz8/og=="
    },
    "visibilityjs": {
      "version": "1.2.8",
      "resolved": "https://registry.npmjs.org/visibilityjs/-/visibilityjs-1.2.8.tgz",
      "integrity": "sha512-Y+aL3OUX88b+/VSmkmC2ApuLbf0grzbNLpCfIDSw3BzTU6PqcPsdgIOaw8b+eZoy+DdQqnVN3y/Evow9vQq9Ig=="
    },
    "webrtc-adapter": {
      "version": "1.4.0",
      "resolved": "https://registry.npmjs.org/webrtc-adapter/-/webrtc-adapter-1.4.0.tgz",
      "integrity": "sha1-WCiaY9BUxls2+w7zieovbQx/XZg=",
      "requires": {
        "sdp": "^1.0.0"
      }
    }
  }
}
